
Microsoft Visual Studio Solution File, Format Version 12.00
# Visual Studio Version 17
VisualStudioVersion = 17.8.34330.188
MinimumVisualStudioVersion = 10.0.40219.1
Project("{FAE04EC0-301F-11D3-BF4B-00C04F79EFBC}") = "SweetAlert .net8", "SweetAlert .net8\SweetAlert .net8.csproj", "{0C8F8D9C-16F3-4EB4-8E1C-CDE7960C6588}"
EndProject
Global
	GlobalSection(SolutionConfigurationPlatforms) = preSolution
		Debug|Any CPU = Debug|Any CPU
		Release|Any CPU = Release|Any CPU
	EndGlobalSection
	GlobalSection(ProjectConfigurationPlatforms) = postSolution
		{0C8F8D9C-16F3-4EB4-8E1C-CDE7960C6588}.Debug|Any CPU.ActiveCfg = Debug|Any CPU
		{0C8F8D9C-16F3-4EB4-8E1C-CDE7960C6588}.Debug|Any CPU.Build.0 = Debug|Any CPU
		{0C8F8D9C-16F3-4EB4-8E1C-CDE7960C6588}.Release|Any CPU.ActiveCfg = Release|Any CPU
		{0C8F8D9C-16F3-4EB4-8E1C-CDE7960C6588}.Release|Any CPU.Build.0 = Release|Any CPU
	EndGlobalSection
	GlobalSection(SolutionProperties) = preSolution
		HideSolutionNode = FALSE
	EndGlobalSection
	GlobalSection(ExtensibilityGlobals) = postSolution
		SolutionGuid = {4B0B10D0-7EE4-4280-B55F-00AA8A6DA1E4}
	EndGlobalSection
EndGlobal
